
Microsoft Visual Studio Solution File, Format Version 12.00
# Visual Studio 2013
VisualStudioVersion = 12.0.40629.0
MinimumVisualStudioVersion = 10.0.40219.1
Project("{FAE04EC0-301F-11D3-BF4B-00C04F79EFBC}") = "RandomNumberGeneratorLibrary", "RandomNumberGeneratorLibrary\RandomNumberGeneratorLibrary.csproj", "{B515F145-B58B-4E4F-9462-B140CEEB9061}"
EndProject
Project("{FAE04EC0-301F-11D3-BF4B-00C04F79EFBC}") = "ErrorHandlerLibrary", "..\ErrorHandlerLibrary\ErrorHandlerLibrary\ErrorHandlerLibrary.csproj", "{55AF53CC-8856-4A38-9D2C-A984E7F57C47}"
EndProject
Project("{FAE04EC0-301F-11D3-BF4B-00C04F79EFBC}") = "ExtentionsLibrary", "..\ExtentionsLibrary\ExtentionsLibrary.csproj", "{DB8B5EF1-1281-4C65-AE5A-B798426ED432}"
EndProject
Global
	GlobalSection(SolutionConfigurationPlatforms) = preSolution
		Debug|Any CPU = Debug|Any CPU
		Release|Any CPU = Release|Any CPU
	EndGlobalSection
	GlobalSection(ProjectConfigurationPlatforms) = postSolution
		{B515F145-B58B-4E4F-9462-B140CEEB9061}.Debug|Any CPU.ActiveCfg = Debug|Any CPU
		{B515F145-B58B-4E4F-9462-B140CEEB9061}.Debug|Any CPU.Build.0 = Debug|Any CPU
		{B515F145-B58B-4E4F-9462-B140CEEB9061}.Release|Any CPU.ActiveCfg = Release|Any CPU
		{B515F145-B58B-4E4F-9462-B140CEEB9061}.Release|Any CPU.Build.0 = Release|Any CPU
		{55AF53CC-8856-4A38-9D2C-A984E7F57C47}.Debug|Any CPU.ActiveCfg = Debug|Any CPU
		{55AF53CC-8856-4A38-9D2C-A984E7F57C47}.Debug|Any CPU.Build.0 = Debug|Any CPU
		{55AF53CC-8856-4A38-9D2C-A984E7F57C47}.Release|Any CPU.ActiveCfg = Release|Any CPU
		{55AF53CC-8856-4A38-9D2C-A984E7F57C47}.Release|Any CPU.Build.0 = Release|Any CPU
		{DB8B5EF1-1281-4C65-AE5A-B798426ED432}.Debug|Any CPU.ActiveCfg = Debug|Any CPU
		{DB8B5EF1-1281-4C65-AE5A-B798426ED432}.Debug|Any CPU.Build.0 = Debug|Any CPU
		{DB8B5EF1-1281-4C65-AE5A-B798426ED432}.Release|Any CPU.ActiveCfg = Release|Any CPU
		{DB8B5EF1-1281-4C65-AE5A-B798426ED432}.Release|Any CPU.Build.0 = Release|Any CPU
	EndGlobalSection
	GlobalSection(SolutionProperties) = preSolution
		HideSolutionNode = FALSE
	EndGlobalSection
EndGlobal
