
Microsoft Visual Studio Solution File, Format Version 12.00
# Visual Studio 2013
VisualStudioVersion = 12.0.40629.0
MinimumVisualStudioVersion = 10.0.40219.1
Project("{FAE04EC0-301F-11D3-BF4B-00C04F79EFBC}") = "MarketPlace.Web6", "MarketPlace.Web6\MarketPlace.Web6.csproj", "{2C1851ED-E616-4F7C-B7F0-8CF3C8A64D6C}"
	ProjectSection(ProjectDependencies) = postProject
		{604C1D25-5B22-48AD-A325-6C682288857D} = {604C1D25-5B22-48AD-A325-6C682288857D}
		{58E68141-BB0A-4C37-A1A3-84EDB24B2497} = {58E68141-BB0A-4C37-A1A3-84EDB24B2497}
		{B515F145-B58B-4E4F-9462-B140CEEB9061} = {B515F145-B58B-4E4F-9462-B140CEEB9061}
		{D58D4A8E-8A89-4D94-8B80-B636FEF4F789} = {D58D4A8E-8A89-4D94-8B80-B636FEF4F789}
		{3DFFC2A9-EC83-43F8-967A-7895C8C73F4A} = {3DFFC2A9-EC83-43F8-967A-7895C8C73F4A}
		{129330B8-2115-45A0-8EE4-58BBCFAA24EB} = {129330B8-2115-45A0-8EE4-58BBCFAA24EB}
	EndProjectSection
EndProject
Project("{2150E333-8FDC-42A3-9474-1A3956D46DE8}") = "01. Web", "01. Web", "{248C8FD4-F332-4F61-8CE1-781D093FD152}"
EndProject
Project("{2150E333-8FDC-42A3-9474-1A3956D46DE8}") = "02. DI", "02. DI", "{8FCD9C56-817C-4070-AA6F-84302CF74DF6}"
EndProject
Project("{2150E333-8FDC-42A3-9474-1A3956D46DE8}") = "03. BussinessRules", "03. BussinessRules", "{4DB49268-EB52-4248-9E69-9C0772014FD9}"
EndProject
Project("{2150E333-8FDC-42A3-9474-1A3956D46DE8}") = "05. DAL", "05. DAL", "{38BC3009-08DE-49E5-B969-3AD8C2413E53}"
EndProject
Project("{2150E333-8FDC-42A3-9474-1A3956D46DE8}") = "07. Models", "07. Models", "{4B4B92EA-0016-48C1-AA7F-989F0AFDE9EF}"
EndProject
Project("{2150E333-8FDC-42A3-9474-1A3956D46DE8}") = "09. Dependancies", "09. Dependancies", "{67EDA397-2650-45E5-92B1-1FA5402E6931}"
EndProject
Project("{FAE04EC0-301F-11D3-BF4B-00C04F79EFBC}") = "EncryptionLibrary", "..\EncryptionLibrary\EncryptionLibrary.csproj", "{A3F7975C-278B-4F29-AABA-7650F8DB57B2}"
EndProject
Project("{FAE04EC0-301F-11D3-BF4B-00C04F79EFBC}") = "AliKuliLibrary", "..\ExtentionsLibrary\AliKuliLibrary.csproj", "{DB8B5EF1-1281-4C65-AE5A-B798426ED432}"
EndProject
Project("{FAE04EC0-301F-11D3-BF4B-00C04F79EFBC}") = "ErrorHandlerLibrary", "..\ErrorHandlerLibrary\ErrorHandlerLibrary\ErrorHandlerLibrary.csproj", "{55AF53CC-8856-4A38-9D2C-A984E7F57C47}"
EndProject
Project("{FAE04EC0-301F-11D3-BF4B-00C04F79EFBC}") = "WebLibrary", "..\WebLibrary\WebLibrary.csproj", "{74AB826C-5DB4-4291-9778-C6307DEFF24B}"
EndProject
Project("{2150E333-8FDC-42A3-9474-1A3956D46DE8}") = "04. DbContext", "04. DbContext", "{E33B0983-E755-4A87-89CE-312547B71B41}"
EndProject
Project("{FAE04EC0-301F-11D3-BF4B-00C04F79EFBC}") = "ModelsClassLibrary", "..\Models\ModelsClassLibrary\ModelsClassLibrary\ModelsClassLibrary.csproj", "{D136798C-8556-4423-9C6C-E3384E99CD26}"
EndProject
Project("{FAE04EC0-301F-11D3-BF4B-00C04F79EFBC}") = "ValidatorsEntityFrameworkLibrary", "..\ValidatorsEntityFrameworkLibrary\ValidatorsEntityFrameworkLibrary.csproj", "{E6A0AD11-5602-4222-8EBB-B6C7CB1BA51E}"
EndProject
Project("{FAE04EC0-301F-11D3-BF4B-00C04F79EFBC}") = "EnumLibrary", "..\EnumLibrary\EnumLibrary.csproj", "{AE825B32-FB33-4D59-8EFF-516B9EC4DE08}"
EndProject
Project("{FAE04EC0-301F-11D3-BF4B-00C04F79EFBC}") = "ConstantsLibrary", "..\ConstantsLibrary\ConstantsLibrary.csproj", "{88109EA7-D29B-4833-8FD0-8B1EA0605260}"
EndProject
Project("{FAE04EC0-301F-11D3-BF4B-00C04F79EFBC}") = "PhoneUtilitiesLibrary", "..\PhoneUtilitiesLibrary\PhoneUtilitiesLibrary\PhoneUtilitiesLibrary.csproj", "{604C1D25-5B22-48AD-A325-6C682288857D}"
EndProject
Project("{FAE04EC0-301F-11D3-BF4B-00C04F79EFBC}") = "ExcellUtilityLibrary", "..\ExcellUtilityLibrary\ExcellUtilityLibrary\ExcellUtilityLibrary.csproj", "{CEEACEF7-4347-42D6-B4BE-08EFF7E57FDC}"
EndProject
Project("{FAE04EC0-301F-11D3-BF4B-00C04F79EFBC}") = "RandomNumberGeneratorLibrary", "..\RandomNumberGeneratorLibrary\RandomNumberGeneratorLibrary\RandomNumberGeneratorLibrary.csproj", "{B515F145-B58B-4E4F-9462-B140CEEB9061}"
EndProject
Project("{FAE04EC0-301F-11D3-BF4B-00C04F79EFBC}") = "ConfigManagerLibrary", "..\ConfigManagerLibrary\ConfigManagerLibrary\ConfigManagerLibrary.csproj", "{D8CDC81C-A8AF-4315-8D06-C35053723927}"
EndProject
Project("{2150E333-8FDC-42A3-9474-1A3956D46DE8}") = "08. Data", "08. Data", "{044859E3-52F2-45E8-A357-1BCAB9E82005}"
	ProjectSection(SolutionItems) = preProject
		..\..\..\..\..\Desktop\My Programs\cities\WorldCitiesWithPopulation.txt = ..\..\..\..\..\Desktop\My Programs\cities\WorldCitiesWithPopulation.txt
	EndProjectSection
EndProject
Project("{FAE04EC0-301F-11D3-BF4B-00C04F79EFBC}") = "UnitTestProj", "UnitTestProj\UnitTestProj.csproj", "{2A0A87C5-2A38-42BF-9906-4CE8ED387A45}"
EndProject
Project("{2150E333-8FDC-42A3-9474-1A3956D46DE8}") = "06. Dependancies with Models", "06. Dependancies with Models", "{5BC49892-B6B9-4369-94A5-4E1E128BBD60}"
EndProject
Project("{2150E333-8FDC-42A3-9474-1A3956D46DE8}") = "10. Testing", "10. Testing", "{F7B86184-FEC8-4036-A6B9-860F233E7169}"
EndProject
Project("{FAE04EC0-301F-11D3-BF4B-00C04F79EFBC}") = "UploadingLibrary", "..\UploadingLibrary\UploadingLibrary.csproj", "{58E68141-BB0A-4C37-A1A3-84EDB24B2497}"
EndProject
Project("{FAE04EC0-301F-11D3-BF4B-00C04F79EFBC}") = "MigraDocLibrary", "..\MigraDocLibrary\MigraDocLibrary\MigraDocLibrary.csproj", "{3DFFC2A9-EC83-43F8-967A-7895C8C73F4A}"
EndProject
Project("{FAE04EC0-301F-11D3-BF4B-00C04F79EFBC}") = "BusinessLibrary", "..\BusinessLibrary\BusinessLibrary.csproj", "{7C833FD3-EFFC-409E-9DC3-733314A98438}"
EndProject
Project("{FAE04EC0-301F-11D3-BF4B-00C04F79EFBC}") = "DbContextLib", "..\DbContextLib\DbContextLib.csproj", "{3757B5F3-0C88-4632-8A84-756732396D29}"
EndProject
Project("{FAE04EC0-301F-11D3-BF4B-00C04F79EFBC}") = "DI.Web6", "..\DI.Web6\DI.Web6.csproj", "{9BE6910F-BF7C-4133-B028-83B2846FABBC}"
	ProjectSection(ProjectDependencies) = postProject
		{AE825B32-FB33-4D59-8EFF-516B9EC4DE08} = {AE825B32-FB33-4D59-8EFF-516B9EC4DE08}
	EndProjectSection
EndProject
Project("{FAE04EC0-301F-11D3-BF4B-00C04F79EFBC}") = "DataStoreLibrary", "..\DataStoreLibrary\DataStoreLibrary.csproj", "{129330B8-2115-45A0-8EE4-58BBCFAA24EB}"
EndProject
Project("{FAE04EC0-301F-11D3-BF4B-00C04F79EFBC}") = "DAL", "..\DalLibrary\DAL.csproj", "{D58D4A8E-8A89-4D94-8B80-B636FEF4F789}"
EndProject
Project("{2150E333-8FDC-42A3-9474-1A3956D46DE8}") = "Solution Items", "Solution Items", "{B205683B-E584-46F1-914E-FB7675CCF5DD}"
	ProjectSection(SolutionItems) = preProject
		DeleteAll.txt = DeleteAll.txt
	EndProjectSection
EndProject
Project("{FAE04EC0-301F-11D3-BF4B-00C04F79EFBC}") = "BreadCrumbsLibrary", "..\BreadCrumbsLibrary\BreadCrumbsLibrary\BreadCrumbsLibrary.csproj", "{93822697-DB5F-4569-B425-1F0CA6BB3FF4}"
	ProjectSection(ProjectDependencies) = postProject
		{74AB826C-5DB4-4291-9778-C6307DEFF24B} = {74AB826C-5DB4-4291-9778-C6307DEFF24B}
	EndProjectSection
EndProject
Project("{FAE04EC0-301F-11D3-BF4B-00C04F79EFBC}") = "Terst", "Terst\Terst.csproj", "{4ACE8EBE-5B2D-4A5F-BE2F-645F3AA00044}"
EndProject
Project("{FAE04EC0-301F-11D3-BF4B-00C04F79EFBC}") = "TestingPhoneNumbersConsole", "TestingPhoneNumbersConsole\TestingPhoneNumbersConsole.csproj", "{93D97224-33DE-45F9-B7C6-3EF9F80B0F4A}"
EndProject
Global
	GlobalSection(SolutionConfigurationPlatforms) = preSolution
		Debug|Any CPU = Debug|Any CPU
		Release|Any CPU = Release|Any CPU
	EndGlobalSection
	GlobalSection(ProjectConfigurationPlatforms) = postSolution
		{2C1851ED-E616-4F7C-B7F0-8CF3C8A64D6C}.Debug|Any CPU.ActiveCfg = Debug|Any CPU
		{2C1851ED-E616-4F7C-B7F0-8CF3C8A64D6C}.Debug|Any CPU.Build.0 = Debug|Any CPU
		{2C1851ED-E616-4F7C-B7F0-8CF3C8A64D6C}.Release|Any CPU.ActiveCfg = Release|Any CPU
		{2C1851ED-E616-4F7C-B7F0-8CF3C8A64D6C}.Release|Any CPU.Build.0 = Release|Any CPU
		{A3F7975C-278B-4F29-AABA-7650F8DB57B2}.Debug|Any CPU.ActiveCfg = Debug|Any CPU
		{A3F7975C-278B-4F29-AABA-7650F8DB57B2}.Debug|Any CPU.Build.0 = Debug|Any CPU
		{A3F7975C-278B-4F29-AABA-7650F8DB57B2}.Release|Any CPU.ActiveCfg = Release|Any CPU
		{A3F7975C-278B-4F29-AABA-7650F8DB57B2}.Release|Any CPU.Build.0 = Release|Any CPU
		{DB8B5EF1-1281-4C65-AE5A-B798426ED432}.Debug|Any CPU.ActiveCfg = Debug|Any CPU
		{DB8B5EF1-1281-4C65-AE5A-B798426ED432}.Debug|Any CPU.Build.0 = Debug|Any CPU
		{DB8B5EF1-1281-4C65-AE5A-B798426ED432}.Release|Any CPU.ActiveCfg = Release|Any CPU
		{DB8B5EF1-1281-4C65-AE5A-B798426ED432}.Release|Any CPU.Build.0 = Release|Any CPU
		{55AF53CC-8856-4A38-9D2C-A984E7F57C47}.Debug|Any CPU.ActiveCfg = Debug|Any CPU
		{55AF53CC-8856-4A38-9D2C-A984E7F57C47}.Debug|Any CPU.Build.0 = Debug|Any CPU
		{55AF53CC-8856-4A38-9D2C-A984E7F57C47}.Release|Any CPU.ActiveCfg = Release|Any CPU
		{55AF53CC-8856-4A38-9D2C-A984E7F57C47}.Release|Any CPU.Build.0 = Release|Any CPU
		{74AB826C-5DB4-4291-9778-C6307DEFF24B}.Debug|Any CPU.ActiveCfg = Debug|Any CPU
		{74AB826C-5DB4-4291-9778-C6307DEFF24B}.Debug|Any CPU.Build.0 = Debug|Any CPU
		{74AB826C-5DB4-4291-9778-C6307DEFF24B}.Release|Any CPU.ActiveCfg = Release|Any CPU
		{74AB826C-5DB4-4291-9778-C6307DEFF24B}.Release|Any CPU.Build.0 = Release|Any CPU
		{D136798C-8556-4423-9C6C-E3384E99CD26}.Debug|Any CPU.ActiveCfg = Debug|Any CPU
		{D136798C-8556-4423-9C6C-E3384E99CD26}.Debug|Any CPU.Build.0 = Debug|Any CPU
		{D136798C-8556-4423-9C6C-E3384E99CD26}.Release|Any CPU.ActiveCfg = Release|Any CPU
		{D136798C-8556-4423-9C6C-E3384E99CD26}.Release|Any CPU.Build.0 = Release|Any CPU
		{E6A0AD11-5602-4222-8EBB-B6C7CB1BA51E}.Debug|Any CPU.ActiveCfg = Debug|Any CPU
		{E6A0AD11-5602-4222-8EBB-B6C7CB1BA51E}.Debug|Any CPU.Build.0 = Debug|Any CPU
		{E6A0AD11-5602-4222-8EBB-B6C7CB1BA51E}.Release|Any CPU.ActiveCfg = Release|Any CPU
		{E6A0AD11-5602-4222-8EBB-B6C7CB1BA51E}.Release|Any CPU.Build.0 = Release|Any CPU
		{AE825B32-FB33-4D59-8EFF-516B9EC4DE08}.Debug|Any CPU.ActiveCfg = Debug|Any CPU
		{AE825B32-FB33-4D59-8EFF-516B9EC4DE08}.Debug|Any CPU.Build.0 = Debug|Any CPU
		{AE825B32-FB33-4D59-8EFF-516B9EC4DE08}.Release|Any CPU.ActiveCfg = Release|Any CPU
		{AE825B32-FB33-4D59-8EFF-516B9EC4DE08}.Release|Any CPU.Build.0 = Release|Any CPU
		{88109EA7-D29B-4833-8FD0-8B1EA0605260}.Debug|Any CPU.ActiveCfg = Debug|Any CPU
		{88109EA7-D29B-4833-8FD0-8B1EA0605260}.Debug|Any CPU.Build.0 = Debug|Any CPU
		{88109EA7-D29B-4833-8FD0-8B1EA0605260}.Release|Any CPU.ActiveCfg = Release|Any CPU
		{88109EA7-D29B-4833-8FD0-8B1EA0605260}.Release|Any CPU.Build.0 = Release|Any CPU
		{604C1D25-5B22-48AD-A325-6C682288857D}.Debug|Any CPU.ActiveCfg = Debug|Any CPU
		{604C1D25-5B22-48AD-A325-6C682288857D}.Debug|Any CPU.Build.0 = Debug|Any CPU
		{604C1D25-5B22-48AD-A325-6C682288857D}.Release|Any CPU.ActiveCfg = Release|Any CPU
		{604C1D25-5B22-48AD-A325-6C682288857D}.Release|Any CPU.Build.0 = Release|Any CPU
		{CEEACEF7-4347-42D6-B4BE-08EFF7E57FDC}.Debug|Any CPU.ActiveCfg = Debug|Any CPU
		{CEEACEF7-4347-42D6-B4BE-08EFF7E57FDC}.Debug|Any CPU.Build.0 = Debug|Any CPU
		{CEEACEF7-4347-42D6-B4BE-08EFF7E57FDC}.Release|Any CPU.ActiveCfg = Release|Any CPU
		{CEEACEF7-4347-42D6-B4BE-08EFF7E57FDC}.Release|Any CPU.Build.0 = Release|Any CPU
		{B515F145-B58B-4E4F-9462-B140CEEB9061}.Debug|Any CPU.ActiveCfg = Debug|Any CPU
		{B515F145-B58B-4E4F-9462-B140CEEB9061}.Debug|Any CPU.Build.0 = Debug|Any CPU
		{B515F145-B58B-4E4F-9462-B140CEEB9061}.Release|Any CPU.ActiveCfg = Release|Any CPU
		{B515F145-B58B-4E4F-9462-B140CEEB9061}.Release|Any CPU.Build.0 = Release|Any CPU
		{D8CDC81C-A8AF-4315-8D06-C35053723927}.Debug|Any CPU.ActiveCfg = Debug|Any CPU
		{D8CDC81C-A8AF-4315-8D06-C35053723927}.Debug|Any CPU.Build.0 = Debug|Any CPU
		{D8CDC81C-A8AF-4315-8D06-C35053723927}.Release|Any CPU.ActiveCfg = Release|Any CPU
		{D8CDC81C-A8AF-4315-8D06-C35053723927}.Release|Any CPU.Build.0 = Release|Any CPU
		{2A0A87C5-2A38-42BF-9906-4CE8ED387A45}.Debug|Any CPU.ActiveCfg = Debug|Any CPU
		{2A0A87C5-2A38-42BF-9906-4CE8ED387A45}.Debug|Any CPU.Build.0 = Debug|Any CPU
		{2A0A87C5-2A38-42BF-9906-4CE8ED387A45}.Release|Any CPU.ActiveCfg = Release|Any CPU
		{2A0A87C5-2A38-42BF-9906-4CE8ED387A45}.Release|Any CPU.Build.0 = Release|Any CPU
		{58E68141-BB0A-4C37-A1A3-84EDB24B2497}.Debug|Any CPU.ActiveCfg = Debug|Any CPU
		{58E68141-BB0A-4C37-A1A3-84EDB24B2497}.Debug|Any CPU.Build.0 = Debug|Any CPU
		{58E68141-BB0A-4C37-A1A3-84EDB24B2497}.Release|Any CPU.ActiveCfg = Release|Any CPU
		{58E68141-BB0A-4C37-A1A3-84EDB24B2497}.Release|Any CPU.Build.0 = Release|Any CPU
		{3DFFC2A9-EC83-43F8-967A-7895C8C73F4A}.Debug|Any CPU.ActiveCfg = Debug|Any CPU
		{3DFFC2A9-EC83-43F8-967A-7895C8C73F4A}.Debug|Any CPU.Build.0 = Debug|Any CPU
		{3DFFC2A9-EC83-43F8-967A-7895C8C73F4A}.Release|Any CPU.ActiveCfg = Release|Any CPU
		{3DFFC2A9-EC83-43F8-967A-7895C8C73F4A}.Release|Any CPU.Build.0 = Release|Any CPU
		{7C833FD3-EFFC-409E-9DC3-733314A98438}.Debug|Any CPU.ActiveCfg = Debug|Any CPU
		{7C833FD3-EFFC-409E-9DC3-733314A98438}.Debug|Any CPU.Build.0 = Debug|Any CPU
		{7C833FD3-EFFC-409E-9DC3-733314A98438}.Release|Any CPU.ActiveCfg = Release|Any CPU
		{7C833FD3-EFFC-409E-9DC3-733314A98438}.Release|Any CPU.Build.0 = Release|Any CPU
		{3757B5F3-0C88-4632-8A84-756732396D29}.Debug|Any CPU.ActiveCfg = Debug|Any CPU
		{3757B5F3-0C88-4632-8A84-756732396D29}.Debug|Any CPU.Build.0 = Debug|Any CPU
		{3757B5F3-0C88-4632-8A84-756732396D29}.Release|Any CPU.ActiveCfg = Release|Any CPU
		{3757B5F3-0C88-4632-8A84-756732396D29}.Release|Any CPU.Build.0 = Release|Any CPU
		{9BE6910F-BF7C-4133-B028-83B2846FABBC}.Debug|Any CPU.ActiveCfg = Debug|Any CPU
		{9BE6910F-BF7C-4133-B028-83B2846FABBC}.Debug|Any CPU.Build.0 = Debug|Any CPU
		{9BE6910F-BF7C-4133-B028-83B2846FABBC}.Release|Any CPU.ActiveCfg = Release|Any CPU
		{9BE6910F-BF7C-4133-B028-83B2846FABBC}.Release|Any CPU.Build.0 = Release|Any CPU
		{129330B8-2115-45A0-8EE4-58BBCFAA24EB}.Debug|Any CPU.ActiveCfg = Debug|Any CPU
		{129330B8-2115-45A0-8EE4-58BBCFAA24EB}.Debug|Any CPU.Build.0 = Debug|Any CPU
		{129330B8-2115-45A0-8EE4-58BBCFAA24EB}.Release|Any CPU.ActiveCfg = Release|Any CPU
		{129330B8-2115-45A0-8EE4-58BBCFAA24EB}.Release|Any CPU.Build.0 = Release|Any CPU
		{D58D4A8E-8A89-4D94-8B80-B636FEF4F789}.Debug|Any CPU.ActiveCfg = Debug|Any CPU
		{D58D4A8E-8A89-4D94-8B80-B636FEF4F789}.Debug|Any CPU.Build.0 = Debug|Any CPU
		{D58D4A8E-8A89-4D94-8B80-B636FEF4F789}.Release|Any CPU.ActiveCfg = Release|Any CPU
		{D58D4A8E-8A89-4D94-8B80-B636FEF4F789}.Release|Any CPU.Build.0 = Release|Any CPU
		{93822697-DB5F-4569-B425-1F0CA6BB3FF4}.Debug|Any CPU.ActiveCfg = Debug|Any CPU
		{93822697-DB5F-4569-B425-1F0CA6BB3FF4}.Debug|Any CPU.Build.0 = Debug|Any CPU
		{93822697-DB5F-4569-B425-1F0CA6BB3FF4}.Release|Any CPU.ActiveCfg = Release|Any CPU
		{93822697-DB5F-4569-B425-1F0CA6BB3FF4}.Release|Any CPU.Build.0 = Release|Any CPU
		{4ACE8EBE-5B2D-4A5F-BE2F-645F3AA00044}.Debug|Any CPU.ActiveCfg = Debug|Any CPU
		{4ACE8EBE-5B2D-4A5F-BE2F-645F3AA00044}.Debug|Any CPU.Build.0 = Debug|Any CPU
		{4ACE8EBE-5B2D-4A5F-BE2F-645F3AA00044}.Release|Any CPU.ActiveCfg = Release|Any CPU
		{4ACE8EBE-5B2D-4A5F-BE2F-645F3AA00044}.Release|Any CPU.Build.0 = Release|Any CPU
		{93D97224-33DE-45F9-B7C6-3EF9F80B0F4A}.Debug|Any CPU.ActiveCfg = Debug|Any CPU
		{93D97224-33DE-45F9-B7C6-3EF9F80B0F4A}.Debug|Any CPU.Build.0 = Debug|Any CPU
		{93D97224-33DE-45F9-B7C6-3EF9F80B0F4A}.Release|Any CPU.ActiveCfg = Release|Any CPU
		{93D97224-33DE-45F9-B7C6-3EF9F80B0F4A}.Release|Any CPU.Build.0 = Release|Any CPU
	EndGlobalSection
	GlobalSection(SolutionProperties) = preSolution
		HideSolutionNode = FALSE
	EndGlobalSection
	GlobalSection(NestedProjects) = preSolution
		{2C1851ED-E616-4F7C-B7F0-8CF3C8A64D6C} = {248C8FD4-F332-4F61-8CE1-781D093FD152}
		{A3F7975C-278B-4F29-AABA-7650F8DB57B2} = {67EDA397-2650-45E5-92B1-1FA5402E6931}
		{DB8B5EF1-1281-4C65-AE5A-B798426ED432} = {67EDA397-2650-45E5-92B1-1FA5402E6931}
		{55AF53CC-8856-4A38-9D2C-A984E7F57C47} = {5BC49892-B6B9-4369-94A5-4E1E128BBD60}
		{74AB826C-5DB4-4291-9778-C6307DEFF24B} = {67EDA397-2650-45E5-92B1-1FA5402E6931}
		{D136798C-8556-4423-9C6C-E3384E99CD26} = {4B4B92EA-0016-48C1-AA7F-989F0AFDE9EF}
		{E6A0AD11-5602-4222-8EBB-B6C7CB1BA51E} = {67EDA397-2650-45E5-92B1-1FA5402E6931}
		{AE825B32-FB33-4D59-8EFF-516B9EC4DE08} = {67EDA397-2650-45E5-92B1-1FA5402E6931}
		{88109EA7-D29B-4833-8FD0-8B1EA0605260} = {67EDA397-2650-45E5-92B1-1FA5402E6931}
		{604C1D25-5B22-48AD-A325-6C682288857D} = {67EDA397-2650-45E5-92B1-1FA5402E6931}
		{CEEACEF7-4347-42D6-B4BE-08EFF7E57FDC} = {67EDA397-2650-45E5-92B1-1FA5402E6931}
		{B515F145-B58B-4E4F-9462-B140CEEB9061} = {67EDA397-2650-45E5-92B1-1FA5402E6931}
		{D8CDC81C-A8AF-4315-8D06-C35053723927} = {67EDA397-2650-45E5-92B1-1FA5402E6931}
		{2A0A87C5-2A38-42BF-9906-4CE8ED387A45} = {F7B86184-FEC8-4036-A6B9-860F233E7169}
		{58E68141-BB0A-4C37-A1A3-84EDB24B2497} = {5BC49892-B6B9-4369-94A5-4E1E128BBD60}
		{3DFFC2A9-EC83-43F8-967A-7895C8C73F4A} = {5BC49892-B6B9-4369-94A5-4E1E128BBD60}
		{7C833FD3-EFFC-409E-9DC3-733314A98438} = {4DB49268-EB52-4248-9E69-9C0772014FD9}
		{3757B5F3-0C88-4632-8A84-756732396D29} = {E33B0983-E755-4A87-89CE-312547B71B41}
		{9BE6910F-BF7C-4133-B028-83B2846FABBC} = {8FCD9C56-817C-4070-AA6F-84302CF74DF6}
		{129330B8-2115-45A0-8EE4-58BBCFAA24EB} = {044859E3-52F2-45E8-A357-1BCAB9E82005}
		{D58D4A8E-8A89-4D94-8B80-B636FEF4F789} = {38BC3009-08DE-49E5-B969-3AD8C2413E53}
		{93822697-DB5F-4569-B425-1F0CA6BB3FF4} = {5BC49892-B6B9-4369-94A5-4E1E128BBD60}
		{4ACE8EBE-5B2D-4A5F-BE2F-645F3AA00044} = {248C8FD4-F332-4F61-8CE1-781D093FD152}
		{93D97224-33DE-45F9-B7C6-3EF9F80B0F4A} = {248C8FD4-F332-4F61-8CE1-781D093FD152}
	EndGlobalSection
EndGlobal
